
Microsoft Visual Studio Solution File, Format Version 12.00
# Visual Studio Version 17
VisualStudioVersion = 17.10.35027.167
MinimumVisualStudioVersion = 10.0.40219.1
Project("{FAE04EC0-301F-11D3-BF4B-00C04F79EFBC}") = "GenericKeyValueDB", "GenericKeyValueDB\GenericKeyValueDB.csproj", "{B6F8FEFF-1F04-4AC6-A8C7-D4D994776539}"
EndProject
Project("{FAE04EC0-301F-11D3-BF4B-00C04F79EFBC}") = "KeyValueArr", "KeyValueArr\KeyValueArr.csproj", "{781D17F6-5AEE-4027-B427-F850A5462082}"
EndProject
Global
	GlobalSection(SolutionConfigurationPlatforms) = preSolution
		Debug|Any CPU = Debug|Any CPU
		Release|Any CPU = Release|Any CPU
	EndGlobalSection
	GlobalSection(ProjectConfigurationPlatforms) = postSolution
		{B6F8FEFF-1F04-4AC6-A8C7-D4D994776539}.Debug|Any CPU.ActiveCfg = Debug|Any CPU
		{B6F8FEFF-1F04-4AC6-A8C7-D4D994776539}.Debug|Any CPU.Build.0 = Debug|Any CPU
		{B6F8FEFF-1F04-4AC6-A8C7-D4D994776539}.Release|Any CPU.ActiveCfg = Release|Any CPU
		{B6F8FEFF-1F04-4AC6-A8C7-D4D994776539}.Release|Any CPU.Build.0 = Release|Any CPU
		{781D17F6-5AEE-4027-B427-F850A5462082}.Debug|Any CPU.ActiveCfg = Debug|Any CPU
		{781D17F6-5AEE-4027-B427-F850A5462082}.Debug|Any CPU.Build.0 = Debug|Any CPU
		{781D17F6-5AEE-4027-B427-F850A5462082}.Release|Any CPU.ActiveCfg = Release|Any CPU
		{781D17F6-5AEE-4027-B427-F850A5462082}.Release|Any CPU.Build.0 = Release|Any CPU
	EndGlobalSection
	GlobalSection(SolutionProperties) = preSolution
		HideSolutionNode = FALSE
	EndGlobalSection
	GlobalSection(ExtensibilityGlobals) = postSolution
		SolutionGuid = {B5B97AF6-47C5-4CB5-9ED4-BE419915AB01}
	EndGlobalSection
EndGlobal
